// !$*UTF8*$!
{
	archiveVersion = 1;
	classes = {
	};
	objectVersion = 46;
	objects = {

/* Begin PBXBuildFile section */
		D7B4997D1B9B85570016676B /* Main.storyboard in Resources */ = {isa = PBXBuildFile; fileRef = D7B4997C1B9B85570016676B /* Main.storyboard */; };
		D7B499801B9B85890016676B /* AppDelegate.m in Sources */ = {isa = PBXBuildFile; fileRef = D7B4997F1B9B85890016676B /* AppDelegate.m */; };
		D7B499931B9B85AD0016676B /* ViewController.m in Sources */ = {isa = PBXBuildFile; fileRef = D7B499821B9B85AD0016676B /* ViewController.m */; };
		D7B499941B9B85AD0016676B /* MTTViewController.m in Sources */ = {isa = PBXBuildFile; fileRef = D7B499841B9B85AD0016676B /* MTTViewController.m */; };
		D7B499951B9B85AD0016676B /* KeySigGameController.m in Sources */ = {isa = PBXBuildFile; fileRef = D7B499861B9B85AD0016676B /* KeySigGameController.m */; };
		D7B499961B9B85AD0016676B /* KeySigIdentViewController.m in Sources */ = {isa = PBXBuildFile; fileRef = D7B499881B9B85AD0016676B /* KeySigIdentViewController.m */; };
		D7B499971B9B85AD0016676B /* KeySigAndClef.m in Sources */ = {isa = PBXBuildFile; fileRef = D7B4998A1B9B85AD0016676B /* KeySigAndClef.m */; };
		D7B499981B9B85AD0016676B /* KeySignature.m in Sources */ = {isa = PBXBuildFile; fileRef = D7B4998C1B9B85AD0016676B /* KeySignature.m */; };
		D7B499991B9B85AD0016676B /* Staff.m in Sources */ = {isa = PBXBuildFile; fileRef = D7B4998E1B9B85AD0016676B /* Staff.m */; };
		D7B4999A1B9B85AD0016676B /* MusicDisplayView.m in Sources */ = {isa = PBXBuildFile; fileRef = D7B499901B9B85AD0016676B /* MusicDisplayView.m */; };
		D7B4999B1B9B85AD0016676B /* MusicTheoryConstants.m in Sources */ = {isa = PBXBuildFile; fileRef = D7B499921B9B85AD0016676B /* MusicTheoryConstants.m */; };
		D7FC24691B97906A00C6D63A /* Bravura.otf in Resources */ = {isa = PBXBuildFile; fileRef = D7FC24681B97906A00C6D63A /* Bravura.otf */; };
		D7FC246D1B9792E100C6D63A /* BravuraText.otf in Resources */ = {isa = PBXBuildFile; fileRef = D7FC246C1B9792E100C6D63A /* BravuraText.otf */; };
		E102C82218DF412F002F6ACF /* Cocoa.framework in Frameworks */ = {isa = PBXBuildFile; fileRef = E102C82118DF412F002F6ACF /* Cocoa.framework */; };
		E102C82C18DF412F002F6ACF /* InfoPlist.strings in Resources */ = {isa = PBXBuildFile; fileRef = E102C82A18DF412F002F6ACF /* InfoPlist.strings */; };
		E102C82E18DF412F002F6ACF /* main.m in Sources */ = {isa = PBXBuildFile; fileRef = E102C82D18DF412F002F6ACF /* main.m */; };
		E102C83218DF412F002F6ACF /* Credits.rtf in Resources */ = {isa = PBXBuildFile; fileRef = E102C83018DF412F002F6ACF /* Credits.rtf */; };
		E102C83B18DF412F002F6ACF /* MusicTheoryTrainer.xcdatamodeld in Sources */ = {isa = PBXBuildFile; fileRef = E102C83918DF412F002F6ACF /* MusicTheoryTrainer.xcdatamodeld */; };
		E102C83D18DF412F002F6ACF /* Images.xcassets in Resources */ = {isa = PBXBuildFile; fileRef = E102C83C18DF412F002F6ACF /* Images.xcassets */; };
		E102C84418DF412F002F6ACF /* XCTest.framework in Frameworks */ = {isa = PBXBuildFile; fileRef = E102C84318DF412F002F6ACF /* XCTest.framework */; };
		E102C84518DF412F002F6ACF /* Cocoa.framework in Frameworks */ = {isa = PBXBuildFile; fileRef = E102C82118DF412F002F6ACF /* Cocoa.framework */; };
		E102C84D18DF412F002F6ACF /* InfoPlist.strings in Resources */ = {isa = PBXBuildFile; fileRef = E102C84B18DF412F002F6ACF /* InfoPlist.strings */; };
		E102C84F18DF412F002F6ACF /* MusicTheoryTrainerTests.m in Sources */ = {isa = PBXBuildFile; fileRef = E102C84E18DF412F002F6ACF /* MusicTheoryTrainerTests.m */; };
		E102C86E18DF43A3002F6ACF /* User.m in Sources */ = {isa = PBXBuildFile; fileRef = E102C86D18DF43A3002F6ACF /* User.m */; };
/* End PBXBuildFile section */

/* Begin PBXContainerItemProxy section */
		E102C84618DF412F002F6ACF /* PBXContainerItemProxy */ = {
			isa = PBXContainerItemProxy;
			containerPortal = E102C81618DF412F002F6ACF /* Project object */;
			proxyType = 1;
			remoteGlobalIDString = E102C81D18DF412F002F6ACF;
			remoteInfo = MusicTheoryTrainer;
		};
/* End PBXContainerItemProxy section */

/* Begin PBXFileReference section */
		D7B4997C1B9B85570016676B /* Main.storyboard */ = {isa = PBXFileReference; fileEncoding = 4; lastKnownFileType = file.storyboard; path = Main.storyboard; sourceTree = "<group>"; };
		D7B4997E1B9B85890016676B /* AppDelegate.h */ = {isa = PBXFileReference; fileEncoding = 4; lastKnownFileType = sourcecode.c.h; path = AppDelegate.h; sourceTree = "<group>"; };
		D7B4997F1B9B85890016676B /* AppDelegate.m */ = {isa = PBXFileReference; fileEncoding = 4; lastKnownFileType = sourcecode.c.objc; path = AppDelegate.m; sourceTree = "<group>"; };
		D7B499811B9B85AD0016676B /* ViewController.h */ = {isa = PBXFileReference; fileEncoding = 4; lastKnownFileType = sourcecode.c.h; path = ViewController.h; sourceTree = "<group>"; };
		D7B499821B9B85AD0016676B /* ViewController.m */ = {isa = PBXFileReference; fileEncoding = 4; lastKnownFileType = sourcecode.c.objc; path = ViewController.m; sourceTree = "<group>"; };
		D7B499831B9B85AD0016676B /* MTTViewController.h */ = {isa = PBXFileReference; fileEncoding = 4; lastKnownFileType = sourcecode.c.h; path = MTTViewController.h; sourceTree = "<group>"; };
		D7B499841B9B85AD0016676B /* MTTViewController.m */ = {isa = PBXFileReference; fileEncoding = 4; lastKnownFileType = sourcecode.c.objc; path = MTTViewController.m; sourceTree = "<group>"; };
		D7B499851B9B85AD0016676B /* KeySigGameController.h */ = {isa = PBXFileReference; fileEncoding = 4; lastKnownFileType = sourcecode.c.h; path = KeySigGameController.h; sourceTree = "<group>"; };
		D7B499861B9B85AD0016676B /* KeySigGameController.m */ = {isa = PBXFileReference; fileEncoding = 4; lastKnownFileType = sourcecode.c.objc; path = KeySigGameController.m; sourceTree = "<group>"; };
		D7B499871B9B85AD0016676B /* KeySigIdentViewController.h */ = {isa = PBXFileReference; fileEncoding = 4; lastKnownFileType = sourcecode.c.h; path = KeySigIdentViewController.h; sourceTree = "<group>"; };
		D7B499881B9B85AD0016676B /* KeySigIdentViewController.m */ = {isa = PBXFileReference; fileEncoding = 4; lastKnownFileType = sourcecode.c.objc; path = KeySigIdentViewController.m; sourceTree = "<group>"; };
		D7B499891B9B85AD0016676B /* KeySigAndClef.h */ = {isa = PBXFileReference; fileEncoding = 4; lastKnownFileType = sourcecode.c.h; path = KeySigAndClef.h; sourceTree = "<group>"; };
		D7B4998A1B9B85AD0016676B /* KeySigAndClef.m */ = {isa = PBXFileReference; fileEncoding = 4; lastKnownFileType = sourcecode.c.objc; path = KeySigAndClef.m; sourceTree = "<group>"; };
		D7B4998B1B9B85AD0016676B /* KeySignature.h */ = {isa = PBXFileReference; fileEncoding = 4; lastKnownFileType = sourcecode.c.h; path = KeySignature.h; sourceTree = "<group>"; };
		D7B4998C1B9B85AD0016676B /* KeySignature.m */ = {isa = PBXFileReference; fileEncoding = 4; lastKnownFileType = sourcecode.c.objc; path = KeySignature.m; sourceTree = "<group>"; };
		D7B4998D1B9B85AD0016676B /* Staff.h */ = {isa = PBXFileReference; fileEncoding = 4; lastKnownFileType = sourcecode.c.h; path = Staff.h; sourceTree = "<group>"; };
		D7B4998E1B9B85AD0016676B /* Staff.m */ = {isa = PBXFileReference; fileEncoding = 4; lastKnownFileType = sourcecode.c.objc; path = Staff.m; sourceTree = "<group>"; };
		D7B4998F1B9B85AD0016676B /* MusicDisplayView.h */ = {isa = PBXFileReference; fileEncoding = 4; lastKnownFileType = sourcecode.c.h; path = MusicDisplayView.h; sourceTree = "<group>"; };
		D7B499901B9B85AD0016676B /* MusicDisplayView.m */ = {isa = PBXFileReference; fileEncoding = 4; lastKnownFileType = sourcecode.c.objc; path = MusicDisplayView.m; sourceTree = "<group>"; };
		D7B499911B9B85AD0016676B /* MusicTheoryConstants.h */ = {isa = PBXFileReference; fileEncoding = 4; lastKnownFileType = sourcecode.c.h; path = MusicTheoryConstants.h; sourceTree = "<group>"; };
		D7B499921B9B85AD0016676B /* MusicTheoryConstants.m */ = {isa = PBXFileReference; fileEncoding = 4; lastKnownFileType = sourcecode.c.objc; path = MusicTheoryConstants.m; sourceTree = "<group>"; };
		D7FC24681B97906A00C6D63A /* Bravura.otf */ = {isa = PBXFileReference; lastKnownFileType = file; path = Bravura.otf; sourceTree = "<group>"; };
		D7FC246C1B9792E100C6D63A /* BravuraText.otf */ = {isa = PBXFileReference; lastKnownFileType = file; path = BravuraText.otf; sourceTree = "<group>"; };
		E102C81E18DF412F002F6ACF /* MusicTheoryTrainer.app */ = {isa = PBXFileReference; explicitFileType = wrapper.application; includeInIndex = 0; path = MusicTheoryTrainer.app; sourceTree = BUILT_PRODUCTS_DIR; };
		E102C82118DF412F002F6ACF /* Cocoa.framework */ = {isa = PBXFileReference; lastKnownFileType = wrapper.framework; name = Cocoa.framework; path = System/Library/Frameworks/Cocoa.framework; sourceTree = SDKROOT; };
		E102C82418DF412F002F6ACF /* AppKit.framework */ = {isa = PBXFileReference; lastKnownFileType = wrapper.framework; name = AppKit.framework; path = System/Library/Frameworks/AppKit.framework; sourceTree = SDKROOT; };
		E102C82518DF412F002F6ACF /* CoreData.framework */ = {isa = PBXFileReference; lastKnownFileType = wrapper.framework; name = CoreData.framework; path = System/Library/Frameworks/CoreData.framework; sourceTree = SDKROOT; };
		E102C82618DF412F002F6ACF /* Foundation.framework */ = {isa = PBXFileReference; lastKnownFileType = wrapper.framework; name = Foundation.framework; path = System/Library/Frameworks/Foundation.framework; sourceTree = SDKROOT; };
		E102C82918DF412F002F6ACF /* MusicTheoryTrainer-Info.plist */ = {isa = PBXFileReference; lastKnownFileType = text.plist.xml; path = "MusicTheoryTrainer-Info.plist"; sourceTree = "<group>"; };
		E102C82B18DF412F002F6ACF /* en */ = {isa = PBXFileReference; lastKnownFileType = text.plist.strings; name = en; path = en.lproj/InfoPlist.strings; sourceTree = "<group>"; };
		E102C82D18DF412F002F6ACF /* main.m */ = {isa = PBXFileReference; lastKnownFileType = sourcecode.c.objc; path = main.m; sourceTree = "<group>"; };
		E102C82F18DF412F002F6ACF /* MusicTheoryTrainer-Prefix.pch */ = {isa = PBXFileReference; lastKnownFileType = sourcecode.c.h; path = "MusicTheoryTrainer-Prefix.pch"; sourceTree = "<group>"; };
		E102C83118DF412F002F6ACF /* en */ = {isa = PBXFileReference; lastKnownFileType = text.rtf; name = en; path = en.lproj/Credits.rtf; sourceTree = "<group>"; };
		E102C83A18DF412F002F6ACF /* MusicTheoryTrainer.xcdatamodel */ = {isa = PBXFileReference; lastKnownFileType = wrapper.xcdatamodel; path = MusicTheoryTrainer.xcdatamodel; sourceTree = "<group>"; };
		E102C83C18DF412F002F6ACF /* Images.xcassets */ = {isa = PBXFileReference; lastKnownFileType = folder.assetcatalog; path = Images.xcassets; sourceTree = "<group>"; };
		E102C84218DF412F002F6ACF /* MusicTheoryTrainerTests.xctest */ = {isa = PBXFileReference; explicitFileType = wrapper.cfbundle; includeInIndex = 0; path = MusicTheoryTrainerTests.xctest; sourceTree = BUILT_PRODUCTS_DIR; };
		E102C84318DF412F002F6ACF /* XCTest.framework */ = {isa = PBXFileReference; lastKnownFileType = wrapper.framework; name = XCTest.framework; path = Library/Frameworks/XCTest.framework; sourceTree = DEVELOPER_DIR; };
		E102C84A18DF412F002F6ACF /* MusicTheoryTrainerTests-Info.plist */ = {isa = PBXFileReference; lastKnownFileType = text.plist.xml; path = "MusicTheoryTrainerTests-Info.plist"; sourceTree = "<group>"; };
		E102C84C18DF412F002F6ACF /* en */ = {isa = PBXFileReference; lastKnownFileType = text.plist.strings; name = en; path = en.lproj/InfoPlist.strings; sourceTree = "<group>"; };
		E102C84E18DF412F002F6ACF /* MusicTheoryTrainerTests.m */ = {isa = PBXFileReference; lastKnownFileType = sourcecode.c.objc; path = MusicTheoryTrainerTests.m; sourceTree = "<group>"; };
		E102C86C18DF43A3002F6ACF /* User.h */ = {isa = PBXFileReference; fileEncoding = 4; lastKnownFileType = sourcecode.c.h; path = User.h; sourceTree = "<group>"; };
		E102C86D18DF43A3002F6ACF /* User.m */ = {isa = PBXFileReference; fileEncoding = 4; lastKnownFileType = sourcecode.c.objc; path = User.m; sourceTree = "<group>"; };
/* End PBXFileReference section */

/* Begin PBXFrameworksBuildPhase section */
		E102C81B18DF412F002F6ACF /* Frameworks */ = {
			isa = PBXFrameworksBuildPhase;
			buildActionMask = 2147483647;
			files = (
				E102C82218DF412F002F6ACF /* Cocoa.framework in Frameworks */,
			);
			runOnlyForDeploymentPostprocessing = 0;
		};
		E102C83F18DF412F002F6ACF /* Frameworks */ = {
			isa = PBXFrameworksBuildPhase;
			buildActionMask = 2147483647;
			files = (
				E102C84518DF412F002F6ACF /* Cocoa.framework in Frameworks */,
				E102C84418DF412F002F6ACF /* XCTest.framework in Frameworks */,
			);
			runOnlyForDeploymentPostprocessing = 0;
		};
/* End PBXFrameworksBuildPhase section */

/* Begin PBXGroup section */
		E102C81518DF412F002F6ACF = {
			isa = PBXGroup;
			children = (
				E102C82718DF412F002F6ACF /* MusicTheoryTrainer */,
				E102C84818DF412F002F6ACF /* MusicTheoryTrainerTests */,
				E102C82018DF412F002F6ACF /* Frameworks */,
				E102C81F18DF412F002F6ACF /* Products */,
				D7FC24681B97906A00C6D63A /* Bravura.otf */,
				D7FC246C1B9792E100C6D63A /* BravuraText.otf */,
			);
			sourceTree = "<group>";
		};
		E102C81F18DF412F002F6ACF /* Products */ = {
			isa = PBXGroup;
			children = (
				E102C81E18DF412F002F6ACF /* MusicTheoryTrainer.app */,
				E102C84218DF412F002F6ACF /* MusicTheoryTrainerTests.xctest */,
			);
			name = Products;
			sourceTree = "<group>";
		};
		E102C82018DF412F002F6ACF /* Frameworks */ = {
			isa = PBXGroup;
			children = (
				E102C82118DF412F002F6ACF /* Cocoa.framework */,
				E102C84318DF412F002F6ACF /* XCTest.framework */,
				E102C82318DF412F002F6ACF /* Other Frameworks */,
			);
			name = Frameworks;
			sourceTree = "<group>";
		};
		E102C82318DF412F002F6ACF /* Other Frameworks */ = {
			isa = PBXGroup;
			children = (
				E102C82418DF412F002F6ACF /* AppKit.framework */,
				E102C82518DF412F002F6ACF /* CoreData.framework */,
				E102C82618DF412F002F6ACF /* Foundation.framework */,
			);
			name = "Other Frameworks";
			sourceTree = "<group>";
		};
		E102C82718DF412F002F6ACF /* MusicTheoryTrainer */ = {
			isa = PBXGroup;
			children = (
				D7B4997E1B9B85890016676B /* AppDelegate.h */,
				D7B4997F1B9B85890016676B /* AppDelegate.m */,
				D7B499811B9B85AD0016676B /* ViewController.h */,
				D7B499821B9B85AD0016676B /* ViewController.m */,
				D7B499831B9B85AD0016676B /* MTTViewController.h */,
				D7B499841B9B85AD0016676B /* MTTViewController.m */,
				D7B499851B9B85AD0016676B /* KeySigGameController.h */,
				D7B499861B9B85AD0016676B /* KeySigGameController.m */,
				D7B499871B9B85AD0016676B /* KeySigIdentViewController.h */,
				D7B499881B9B85AD0016676B /* KeySigIdentViewController.m */,
				D7B499891B9B85AD0016676B /* KeySigAndClef.h */,
				D7B4998A1B9B85AD0016676B /* KeySigAndClef.m */,
				D7B4998B1B9B85AD0016676B /* KeySignature.h */,
				D7B4998C1B9B85AD0016676B /* KeySignature.m */,
				D7B4998D1B9B85AD0016676B /* Staff.h */,
				D7B4998E1B9B85AD0016676B /* Staff.m */,
				D7B4998F1B9B85AD0016676B /* MusicDisplayView.h */,
				D7B499901B9B85AD0016676B /* MusicDisplayView.m */,
				D7B499911B9B85AD0016676B /* MusicTheoryConstants.h */,
				D7B499921B9B85AD0016676B /* MusicTheoryConstants.m */,
				D7B4997C1B9B85570016676B /* Main.storyboard */,
				E102C83C18DF412F002F6ACF /* Images.xcassets */,
				E102C83918DF412F002F6ACF /* MusicTheoryTrainer.xcdatamodeld */,
				E102C86C18DF43A3002F6ACF /* User.h */,
				E102C86D18DF43A3002F6ACF /* User.m */,
				E102C82818DF412F002F6ACF /* Supporting Files */,
			);
			path = MusicTheoryTrainer;
			sourceTree = "<group>";
		};
		E102C82818DF412F002F6ACF /* Supporting Files */ = {
			isa = PBXGroup;
			children = (
				E102C82918DF412F002F6ACF /* MusicTheoryTrainer-Info.plist */,
				E102C82A18DF412F002F6ACF /* InfoPlist.strings */,
				E102C82D18DF412F002F6ACF /* main.m */,
				E102C82F18DF412F002F6ACF /* MusicTheoryTrainer-Prefix.pch */,
				E102C83018DF412F002F6ACF /* Credits.rtf */,
			);
			name = "Supporting Files";
			sourceTree = "<group>";
		};
		E102C84818DF412F002F6ACF /* MusicTheoryTrainerTests */ = {
			isa = PBXGroup;
			children = (
				E102C84E18DF412F002F6ACF /* MusicTheoryTrainerTests.m */,
				E102C84918DF412F002F6ACF /* Supporting Files */,
			);
			path = MusicTheoryTrainerTests;
			sourceTree = "<group>";
		};
		E102C84918DF412F002F6ACF /* Supporting Files */ = {
			isa = PBXGroup;
			children = (
				E102C84A18DF412F002F6ACF /* MusicTheoryTrainerTests-Info.plist */,
				E102C84B18DF412F002F6ACF /* InfoPlist.strings */,
			);
			name = "Supporting Files";
			sourceTree = "<group>";
		};
/* End PBXGroup section */

/* Begin PBXNativeTarget section */
		E102C81D18DF412F002F6ACF /* MusicTheoryTrainer */ = {
			isa = PBXNativeTarget;
			buildConfigurationList = E102C85218DF412F002F6ACF /* Build configuration list for PBXNativeTarget "MusicTheoryTrainer" */;
			buildPhases = (
				E102C81A18DF412F002F6ACF /* Sources */,
				E102C81B18DF412F002F6ACF /* Frameworks */,
				E102C81C18DF412F002F6ACF /* Resources */,
			);
			buildRules = (
			);
			dependencies = (
			);
			name = MusicTheoryTrainer;
			productName = MusicTheoryTrainer;
			productReference = E102C81E18DF412F002F6ACF /* MusicTheoryTrainer.app */;
			productType = "com.apple.product-type.application";
		};
		E102C84118DF412F002F6ACF /* MusicTheoryTrainerTests */ = {
			isa = PBXNativeTarget;
			buildConfigurationList = E102C85518DF412F002F6ACF /* Build configuration list for PBXNativeTarget "MusicTheoryTrainerTests" */;
			buildPhases = (
				E102C83E18DF412F002F6ACF /* Sources */,
				E102C83F18DF412F002F6ACF /* Frameworks */,
				E102C84018DF412F002F6ACF /* Resources */,
			);
			buildRules = (
			);
			dependencies = (
				E102C84718DF412F002F6ACF /* PBXTargetDependency */,
			);
			name = MusicTheoryTrainerTests;
			productName = MusicTheoryTrainerTests;
			productReference = E102C84218DF412F002F6ACF /* MusicTheoryTrainerTests.xctest */;
			productType = "com.apple.product-type.bundle.unit-test";
		};
/* End PBXNativeTarget section */

/* Begin PBXProject section */
		E102C81618DF412F002F6ACF /* Project object */ = {
			isa = PBXProject;
			attributes = {
				CLASSPREFIX = JH;
				LastUpgradeCheck = 0510;
				ORGANIZATIONNAME = "Jess Hendricks";
				TargetAttributes = {
					E102C84118DF412F002F6ACF = {
						TestTargetID = E102C81D18DF412F002F6ACF;
					};
				};
			};
			buildConfigurationList = E102C81918DF412F002F6ACF /* Build configuration list for PBXProject "MusicTheoryTrainer" */;
			compatibilityVersion = "Xcode 3.2";
			developmentRegion = English;
			hasScannedForEncodings = 0;
			knownRegions = (
				en,
				Base,
			);
			mainGroup = E102C81518DF412F002F6ACF;
			productRefGroup = E102C81F18DF412F002F6ACF /* Products */;
			projectDirPath = "";
			projectRoot = "";
			targets = (
				E102C81D18DF412F002F6ACF /* MusicTheoryTrainer */,
				E102C84118DF412F002F6ACF /* MusicTheoryTrainerTests */,
			);
		};
/* End PBXProject section */

/* Begin PBXResourcesBuildPhase section */
		E102C81C18DF412F002F6ACF /* Resources */ = {
			isa = PBXResourcesBuildPhase;
			buildActionMask = 2147483647;
			files = (
				D7B4997D1B9B85570016676B /* Main.storyboard in Resources */,
				E102C82C18DF412F002F6ACF /* InfoPlist.strings in Resources */,
				D7FC24691B97906A00C6D63A /* Bravura.otf in Resources */,
				E102C83D18DF412F002F6ACF /* Images.xcassets in Resources */,
				E102C83218DF412F002F6ACF /* Credits.rtf in Resources */,
				D7FC246D1B9792E100C6D63A /* BravuraText.otf in Resources */,
			);
			runOnlyForDeploymentPostprocessing = 0;
		};
		E102C84018DF412F002F6ACF /* Resources */ = {
			isa = PBXResourcesBuildPhase;
			buildActionMask = 2147483647;
			files = (
				E102C84D18DF412F002F6ACF /* InfoPlist.strings in Resources */,
			);
			runOnlyForDeploymentPostprocessing = 0;
		};
/* End PBXResourcesBuildPhase section */

/* Begin PBXSourcesBuildPhase section */
		E102C81A18DF412F002F6ACF /* Sources */ = {
			isa = PBXSourcesBuildPhase;
			buildActionMask = 2147483647;
			files = (
				D7B499801B9B85890016676B /* AppDelegate.m in Sources */,
				E102C86E18DF43A3002F6ACF /* User.m in Sources */,
				D7B499971B9B85AD0016676B /* KeySigAndClef.m in Sources */,
				D7B4999A1B9B85AD0016676B /* MusicDisplayView.m in Sources */,
				D7B499991B9B85AD0016676B /* Staff.m in Sources */,
				E102C83B18DF412F002F6ACF /* MusicTheoryTrainer.xcdatamodeld in Sources */,
				D7B499951B9B85AD0016676B /* KeySigGameController.m in Sources */,
				E102C82E18DF412F002F6ACF /* main.m in Sources */,
				D7B499981B9B85AD0016676B /* KeySignature.m in Sources */,
				D7B499961B9B85AD0016676B /* KeySigIdentViewController.m in Sources */,
				D7B499941B9B85AD0016676B /* MTTViewController.m in Sources */,
				D7B4999B1B9B85AD0016676B /* MusicTheoryConstants.m in Sources */,
				D7B499931B9B85AD0016676B /* ViewController.m in Sources */,
			);
			runOnlyForDeploymentPostprocessing = 0;
		};
		E102C83E18DF412F002F6ACF /* Sources */ = {
			isa = PBXSourcesBuildPhase;
			buildActionMask = 2147483647;
			files = (
				E102C84F18DF412F002F6ACF /* MusicTheoryTrainerTests.m in Sources */,
			);
			runOnlyForDeploymentPostprocessing = 0;
		};
/* End PBXSourcesBuildPhase section */

/* Begin PBXTargetDependency section */
		E102C84718DF412F002F6ACF /* PBXTargetDependency */ = {
			isa = PBXTargetDependency;
			target = E102C81D18DF412F002F6ACF /* MusicTheoryTrainer */;
			targetProxy = E102C84618DF412F002F6ACF /* PBXContainerItemProxy */;
		};
/* End PBXTargetDependency section */

/* Begin PBXVariantGroup section */
		E102C82A18DF412F002F6ACF /* InfoPlist.strings */ = {
			isa = PBXVariantGroup;
			children = (
				E102C82B18DF412F002F6ACF /* en */,
			);
			name = InfoPlist.strings;
			sourceTree = "<group>";
		};
		E102C83018DF412F002F6ACF /* Credits.rtf */ = {
			isa = PBXVariantGroup;
			children = (
				E102C83118DF412F002F6ACF /* en */,
			);
			name = Credits.rtf;
			sourceTree = "<group>";
		};
		E102C84B18DF412F002F6ACF /* InfoPlist.strings */ = {
			isa = PBXVariantGroup;
			children = (
				E102C84C18DF412F002F6ACF /* en */,
			);
			name = InfoPlist.strings;
			sourceTree = "<group>";
		};
/* End PBXVariantGroup section */

/* Begin XCBuildConfiguration section */
		E102C85018DF412F002F6ACF /* Debug */ = {
			isa = XCBuildConfiguration;
			buildSettings = {
				ALWAYS_SEARCH_USER_PATHS = NO;
				CLANG_CXX_LANGUAGE_STANDARD = "gnu++0x";
				CLANG_CXX_LIBRARY = "libc++";
				CLANG_ENABLE_MODULES = YES;
				CLANG_ENABLE_OBJC_ARC = YES;
				CLANG_WARN_BOOL_CONVERSION = YES;
				CLANG_WARN_CONSTANT_CONVERSION = YES;
				CLANG_WARN_DIRECT_OBJC_ISA_USAGE = YES_ERROR;
				CLANG_WARN_EMPTY_BODY = YES;
				CLANG_WARN_ENUM_CONVERSION = YES;
				CLANG_WARN_INT_CONVERSION = YES;
				CLANG_WARN_OBJC_ROOT_CLASS = YES_ERROR;
				CLANG_WARN__DUPLICATE_METHOD_MATCH = YES;
				COPY_PHASE_STRIP = NO;
				GCC_C_LANGUAGE_STANDARD = gnu99;
				GCC_DYNAMIC_NO_PIC = NO;
				GCC_ENABLE_OBJC_EXCEPTIONS = YES;
				GCC_OPTIMIZATION_LEVEL = 0;
				GCC_PREPROCESSOR_DEFINITIONS = (
					"DEBUG=1",
					"$(inherited)",
				);
				GCC_SYMBOLS_PRIVATE_EXTERN = NO;
				GCC_WARN_64_TO_32_BIT_CONVERSION = YES;
				GCC_WARN_ABOUT_RETURN_TYPE = YES_ERROR;
				GCC_WARN_UNDECLARED_SELECTOR = YES;
				GCC_WARN_UNINITIALIZED_AUTOS = YES_AGGRESSIVE;
				GCC_WARN_UNUSED_FUNCTION = YES;
				GCC_WARN_UNUSED_VARIABLE = YES;
				MACOSX_DEPLOYMENT_TARGET = 10.9;
				ONLY_ACTIVE_ARCH = YES;
				SDKROOT = macosx;
			};
			name = Debug;
		};
		E102C85118DF412F002F6ACF /* Release */ = {
			isa = XCBuildConfiguration;
			buildSettings = {
				ALWAYS_SEARCH_USER_PATHS = NO;
				CLANG_CXX_LANGUAGE_STANDARD = "gnu++0x";
				CLANG_CXX_LIBRARY = "libc++";
				CLANG_ENABLE_MODULES = YES;
				CLANG_ENABLE_OBJC_ARC = YES;
				CLANG_WARN_BOOL_CONVERSION = YES;
				CLANG_WARN_CONSTANT_CONVERSION = YES;
				CLANG_WARN_DIRECT_OBJC_ISA_USAGE = YES_ERROR;
				CLANG_WARN_EMPTY_BODY = YES;
				CLANG_WARN_ENUM_CONVERSION = YES;
				CLANG_WARN_INT_CONVERSION = YES;
				CLANG_WARN_OBJC_ROOT_CLASS = YES_ERROR;
				CLANG_WARN__DUPLICATE_METHOD_MATCH = YES;
				COPY_PHASE_STRIP = YES;
				DEBUG_INFORMATION_FORMAT = "dwarf-with-dsym";
				ENABLE_NS_ASSERTIONS = NO;
				GCC_C_LANGUAGE_STANDARD = gnu99;
				GCC_ENABLE_OBJC_EXCEPTIONS = YES;
				GCC_WARN_64_TO_32_BIT_CONVERSION = YES;
				GCC_WARN_ABOUT_RETURN_TYPE = YES_ERROR;
				GCC_WARN_UNDECLARED_SELECTOR = YES;
				GCC_WARN_UNINITIALIZED_AUTOS = YES_AGGRESSIVE;
				GCC_WARN_UNUSED_FUNCTION = YES;
				GCC_WARN_UNUSED_VARIABLE = YES;
				MACOSX_DEPLOYMENT_TARGET = 10.9;
				SDKROOT = macosx;
			};
			name = Release;
		};
		E102C85318DF412F002F6ACF /* Debug */ = {
			isa = XCBuildConfiguration;
			buildSettings = {
				ASSETCATALOG_COMPILER_APPICON_NAME = AppIcon;
				COMBINE_HIDPI_IMAGES = YES;
				GCC_PRECOMPILE_PREFIX_HEADER = YES;
				GCC_PREFIX_HEADER = "MusicTheoryTrainer/MusicTheoryTrainer-Prefix.pch";
				INFOPLIST_FILE = "MusicTheoryTrainer/MusicTheoryTrainer-Info.plist";
				PRODUCT_NAME = "$(TARGET_NAME)";
				WRAPPER_EXTENSION = app;
			};
			name = Debug;
		};
		E102C85418DF412F002F6ACF /* Release */ = {
			isa = XCBuildConfiguration;
			buildSettings = {
				ASSETCATALOG_COMPILER_APPICON_NAME = AppIcon;
				COMBINE_HIDPI_IMAGES = YES;
				GCC_PRECOMPILE_PREFIX_HEADER = YES;
				GCC_PREFIX_HEADER = "MusicTheoryTrainer/MusicTheoryTrainer-Prefix.pch";
				INFOPLIST_FILE = "MusicTheoryTrainer/MusicTheoryTrainer-Info.plist";
				PRODUCT_NAME = "$(TARGET_NAME)";
				WRAPPER_EXTENSION = app;
			};
			name = Release;
		};
		E102C85618DF412F002F6ACF /* Debug */ = {
			isa = XCBuildConfiguration;
			buildSettings = {
				BUNDLE_LOADER = "$(BUILT_PRODUCTS_DIR)/MusicTheoryTrainer.app/Contents/MacOS/MusicTheoryTrainer";
				COMBINE_HIDPI_IMAGES = YES;
				FRAMEWORK_SEARCH_PATHS = (
					"$(DEVELOPER_FRAMEWORKS_DIR)",
					"$(inherited)",
				);
				GCC_PRECOMPILE_PREFIX_HEADER = YES;
				GCC_PREFIX_HEADER = "MusicTheoryTrainer/MusicTheoryTrainer-Prefix.pch";
				GCC_PREPROCESSOR_DEFINITIONS = (
					"DEBUG=1",
					"$(inherited)",
				);
				INFOPLIST_FILE = "MusicTheoryTrainerTests/MusicTheoryTrainerTests-Info.plist";
				PRODUCT_NAME = "$(TARGET_NAME)";
				TEST_HOST = "$(BUNDLE_LOADER)";
				WRAPPER_EXTENSION = xctest;
			};
			name = Debug;
		};
		E102C85718DF412F002F6ACF /* Release */ = {
			isa = XCBuildConfiguration;
			buildSettings = {
				BUNDLE_LOADER = "$(BUILT_PRODUCTS_DIR)/MusicTheoryTrainer.app/Contents/MacOS/MusicTheoryTrainer";
				COMBINE_HIDPI_IMAGES = YES;
				FRAMEWORK_SEARCH_PATHS = (
					"$(DEVELOPER_FRAMEWORKS_DIR)",
					"$(inherited)",
				);
				GCC_PRECOMPILE_PREFIX_HEADER = YES;
				GCC_PREFIX_HEADER = "MusicTheoryTrainer/MusicTheoryTrainer-Prefix.pch";
				INFOPLIST_FILE = "MusicTheoryTrainerTests/MusicTheoryTrainerTests-Info.plist";
				PRODUCT_NAME = "$(TARGET_NAME)";
				TEST_HOST = "$(BUNDLE_LOADER)";
				WRAPPER_EXTENSION = xctest;
			};
			name = Release;
		};
/* End XCBuildConfiguration section */

/* Begin XCConfigurationList section */
		E102C81918DF412F002F6ACF /* Build configuration list for PBXProject "MusicTheoryTrainer" */ = {
			isa = XCConfigurationList;
			buildConfigurations = (
				E102C85018DF412F002F6ACF /* Debug */,
				E102C85118DF412F002F6ACF /* Release */,
			);
			defaultConfigurationIsVisible = 0;
			defaultConfigurationName = Release;
		};
		E102C85218DF412F002F6ACF /* Build configuration list for PBXNativeTarget "MusicTheoryTrainer" */ = {
			isa = XCConfigurationList;
			buildConfigurations = (
				E102C85318DF412F002F6ACF /* Debug */,
				E102C85418DF412F002F6ACF /* Release */,
			);
			defaultConfigurationIsVisible = 0;
			defaultConfigurationName = Release;
		};
		E102C85518DF412F002F6ACF /* Build configuration list for PBXNativeTarget "MusicTheoryTrainerTests" */ = {
			isa = XCConfigurationList;
			buildConfigurations = (
				E102C85618DF412F002F6ACF /* Debug */,
				E102C85718DF412F002F6ACF /* Release */,
			);
			defaultConfigurationIsVisible = 0;
			defaultConfigurationName = Release;
		};
/* End XCConfigurationList section */

/* Begin XCVersionGroup section */
		E102C83918DF412F002F6ACF /* MusicTheoryTrainer.xcdatamodeld */ = {
			isa = XCVersionGroup;
			children = (
				E102C83A18DF412F002F6ACF /* MusicTheoryTrainer.xcdatamodel */,
			);
			currentVersion = E102C83A18DF412F002F6ACF /* MusicTheoryTrainer.xcdatamodel */;
			path = MusicTheoryTrainer.xcdatamodeld;
			sourceTree = "<group>";
			versionGroupType = wrapper.xcdatamodel;
		};
/* End XCVersionGroup section */
	};
	rootObject = E102C81618DF412F002F6ACF /* Project object */;
}
